
Microsoft Visual Studio Solution File, Format Version 12.00
# Visual Studio Version 17
VisualStudioVersion = 17.0.31912.275
MinimumVisualStudioVersion = 10.0.40219.1
Project("{9A19103F-16F7-4668-BE54-9A1E7A4F7556}") = "DSoft.WizardControl", "Dsoft.WizardControl\DSoft.WizardControl.csproj", "{9755BAB9-5D3D-46BE-8286-D2A77F821E35}"
EndProject
Project("{9A19103F-16F7-4668-BE54-9A1E7A4F7556}") = "WpfAppNetCore", "WpfAppNetCore\WpfAppNetCore.csproj", "{04E9124B-6096-4BD5-A72B-FF9543D8391F}"
EndProject
Project("{9A19103F-16F7-4668-BE54-9A1E7A4F7556}") = "DSoft.WizardControl.Core", "DSoft.WizardControl.Core\DSoft.WizardControl.Core.csproj", "{B3DE0A62-8CF7-41BE-8911-2C3E5F2E8550}"
EndProject
Project("{9A19103F-16F7-4668-BE54-9A1E7A4F7556}") = "DSoft.WizardControl.Desktop", "DSoft.WizardControl.Desktop\DSoft.WizardControl.Desktop.csproj", "{86C89654-F924-49F9-8A6C-9E580F786B56}"
EndProject
Project("{FAE04EC0-301F-11D3-BF4B-00C04F79EFBC}") = "UWPSample", "UWPSample\UWPSample.csproj", "{EE348DA8-0E7F-4D2F-802B-66B1171B7E05}"
EndProject
Project("{9A19103F-16F7-4668-BE54-9A1E7A4F7556}") = "DSoft.WizardControl.WPF", "DSoft.WizardControl.WPF\DSoft.WizardControl.WPF.csproj", "{E7A48C1E-4FF2-428B-BC4E-844D5D68F81F}"
EndProject
Global
	GlobalSection(SolutionConfigurationPlatforms) = preSolution
		Debug|Any CPU = Debug|Any CPU
		Debug|ARM = Debug|ARM
		Debug|ARM64 = Debug|ARM64
		Debug|x64 = Debug|x64
		Debug|x86 = Debug|x86
		Release|Any CPU = Release|Any CPU
		Release|ARM = Release|ARM
		Release|ARM64 = Release|ARM64
		Release|x64 = Release|x64
		Release|x86 = Release|x86
	EndGlobalSection
	GlobalSection(ProjectConfigurationPlatforms) = postSolution
		{9755BAB9-5D3D-46BE-8286-D2A77F821E35}.Debug|Any CPU.ActiveCfg = Debug|Any CPU
		{9755BAB9-5D3D-46BE-8286-D2A77F821E35}.Debug|Any CPU.Build.0 = Debug|Any CPU
		{9755BAB9-5D3D-46BE-8286-D2A77F821E35}.Debug|ARM.ActiveCfg = Debug|Any CPU
		{9755BAB9-5D3D-46BE-8286-D2A77F821E35}.Debug|ARM.Build.0 = Debug|Any CPU
		{9755BAB9-5D3D-46BE-8286-D2A77F821E35}.Debug|ARM64.ActiveCfg = Debug|Any CPU
		{9755BAB9-5D3D-46BE-8286-D2A77F821E35}.Debug|ARM64.Build.0 = Debug|Any CPU
		{9755BAB9-5D3D-46BE-8286-D2A77F821E35}.Debug|x64.ActiveCfg = Debug|Any CPU
		{9755BAB9-5D3D-46BE-8286-D2A77F821E35}.Debug|x64.Build.0 = Debug|Any CPU
		{9755BAB9-5D3D-46BE-8286-D2A77F821E35}.Debug|x86.ActiveCfg = Debug|Any CPU
		{9755BAB9-5D3D-46BE-8286-D2A77F821E35}.Debug|x86.Build.0 = Debug|Any CPU
		{9755BAB9-5D3D-46BE-8286-D2A77F821E35}.Release|Any CPU.ActiveCfg = Release|Any CPU
		{9755BAB9-5D3D-46BE-8286-D2A77F821E35}.Release|Any CPU.Build.0 = Release|Any CPU
		{9755BAB9-5D3D-46BE-8286-D2A77F821E35}.Release|ARM.ActiveCfg = Release|Any CPU
		{9755BAB9-5D3D-46BE-8286-D2A77F821E35}.Release|ARM.Build.0 = Release|Any CPU
		{9755BAB9-5D3D-46BE-8286-D2A77F821E35}.Release|ARM64.ActiveCfg = Release|Any CPU
		{9755BAB9-5D3D-46BE-8286-D2A77F821E35}.Release|ARM64.Build.0 = Release|Any CPU
		{9755BAB9-5D3D-46BE-8286-D2A77F821E35}.Release|x64.ActiveCfg = Release|Any CPU
		{9755BAB9-5D3D-46BE-8286-D2A77F821E35}.Release|x64.Build.0 = Release|Any CPU
		{9755BAB9-5D3D-46BE-8286-D2A77F821E35}.Release|x86.ActiveCfg = Release|Any CPU
		{9755BAB9-5D3D-46BE-8286-D2A77F821E35}.Release|x86.Build.0 = Release|Any CPU
		{04E9124B-6096-4BD5-A72B-FF9543D8391F}.Debug|Any CPU.ActiveCfg = Debug|Any CPU
		{04E9124B-6096-4BD5-A72B-FF9543D8391F}.Debug|Any CPU.Build.0 = Debug|Any CPU
		{04E9124B-6096-4BD5-A72B-FF9543D8391F}.Debug|ARM.ActiveCfg = Debug|Any CPU
		{04E9124B-6096-4BD5-A72B-FF9543D8391F}.Debug|ARM.Build.0 = Debug|Any CPU
		{04E9124B-6096-4BD5-A72B-FF9543D8391F}.Debug|ARM64.ActiveCfg = Debug|Any CPU
		{04E9124B-6096-4BD5-A72B-FF9543D8391F}.Debug|ARM64.Build.0 = Debug|Any CPU
		{04E9124B-6096-4BD5-A72B-FF9543D8391F}.Debug|x64.ActiveCfg = Debug|Any CPU
		{04E9124B-6096-4BD5-A72B-FF9543D8391F}.Debug|x64.Build.0 = Debug|Any CPU
		{04E9124B-6096-4BD5-A72B-FF9543D8391F}.Debug|x86.ActiveCfg = Debug|Any CPU
		{04E9124B-6096-4BD5-A72B-FF9543D8391F}.Debug|x86.Build.0 = Debug|Any CPU
		{04E9124B-6096-4BD5-A72B-FF9543D8391F}.Release|Any CPU.ActiveCfg = Release|Any CPU
		{04E9124B-6096-4BD5-A72B-FF9543D8391F}.Release|Any CPU.Build.0 = Release|Any CPU
		{04E9124B-6096-4BD5-A72B-FF9543D8391F}.Release|ARM.ActiveCfg = Release|Any CPU
		{04E9124B-6096-4BD5-A72B-FF9543D8391F}.Release|ARM.Build.0 = Release|Any CPU
		{04E9124B-6096-4BD5-A72B-FF9543D8391F}.Release|ARM64.ActiveCfg = Release|Any CPU
		{04E9124B-6096-4BD5-A72B-FF9543D8391F}.Release|ARM64.Build.0 = Release|Any CPU
		{04E9124B-6096-4BD5-A72B-FF9543D8391F}.Release|x64.ActiveCfg = Release|Any CPU
		{04E9124B-6096-4BD5-A72B-FF9543D8391F}.Release|x64.Build.0 = Release|Any CPU
		{04E9124B-6096-4BD5-A72B-FF9543D8391F}.Release|x86.ActiveCfg = Release|Any CPU
		{04E9124B-6096-4BD5-A72B-FF9543D8391F}.Release|x86.Build.0 = Release|Any CPU
		{B3DE0A62-8CF7-41BE-8911-2C3E5F2E8550}.Debug|Any CPU.ActiveCfg = Debug|Any CPU
		{B3DE0A62-8CF7-41BE-8911-2C3E5F2E8550}.Debug|Any CPU.Build.0 = Debug|Any CPU
		{B3DE0A62-8CF7-41BE-8911-2C3E5F2E8550}.Debug|ARM.ActiveCfg = Debug|Any CPU
		{B3DE0A62-8CF7-41BE-8911-2C3E5F2E8550}.Debug|ARM.Build.0 = Debug|Any CPU
		{B3DE0A62-8CF7-41BE-8911-2C3E5F2E8550}.Debug|ARM64.ActiveCfg = Debug|Any CPU
		{B3DE0A62-8CF7-41BE-8911-2C3E5F2E8550}.Debug|ARM64.Build.0 = Debug|Any CPU
		{B3DE0A62-8CF7-41BE-8911-2C3E5F2E8550}.Debug|x64.ActiveCfg = Debug|Any CPU
		{B3DE0A62-8CF7-41BE-8911-2C3E5F2E8550}.Debug|x64.Build.0 = Debug|Any CPU
		{B3DE0A62-8CF7-41BE-8911-2C3E5F2E8550}.Debug|x86.ActiveCfg = Debug|Any CPU
		{B3DE0A62-8CF7-41BE-8911-2C3E5F2E8550}.Debug|x86.Build.0 = Debug|Any CPU
		{B3DE0A62-8CF7-41BE-8911-2C3E5F2E8550}.Release|Any CPU.ActiveCfg = Release|Any CPU
		{B3DE0A62-8CF7-41BE-8911-2C3E5F2E8550}.Release|Any CPU.Build.0 = Release|Any CPU
		{B3DE0A62-8CF7-41BE-8911-2C3E5F2E8550}.Release|ARM.ActiveCfg = Release|Any CPU
		{B3DE0A62-8CF7-41BE-8911-2C3E5F2E8550}.Release|ARM.Build.0 = Release|Any CPU
		{B3DE0A62-8CF7-41BE-8911-2C3E5F2E8550}.Release|ARM64.ActiveCfg = Release|Any CPU
		{B3DE0A62-8CF7-41BE-8911-2C3E5F2E8550}.Release|ARM64.Build.0 = Release|Any CPU
		{B3DE0A62-8CF7-41BE-8911-2C3E5F2E8550}.Release|x64.ActiveCfg = Release|Any CPU
		{B3DE0A62-8CF7-41BE-8911-2C3E5F2E8550}.Release|x64.Build.0 = Release|Any CPU
		{B3DE0A62-8CF7-41BE-8911-2C3E5F2E8550}.Release|x86.ActiveCfg = Release|Any CPU
		{B3DE0A62-8CF7-41BE-8911-2C3E5F2E8550}.Release|x86.Build.0 = Release|Any CPU
		{86C89654-F924-49F9-8A6C-9E580F786B56}.Debug|Any CPU.ActiveCfg = Debug|Any CPU
		{86C89654-F924-49F9-8A6C-9E580F786B56}.Debug|Any CPU.Build.0 = Debug|Any CPU
		{86C89654-F924-49F9-8A6C-9E580F786B56}.Debug|ARM.ActiveCfg = Debug|Any CPU
		{86C89654-F924-49F9-8A6C-9E580F786B56}.Debug|ARM.Build.0 = Debug|Any CPU
		{86C89654-F924-49F9-8A6C-9E580F786B56}.Debug|ARM64.ActiveCfg = Debug|Any CPU
		{86C89654-F924-49F9-8A6C-9E580F786B56}.Debug|ARM64.Build.0 = Debug|Any CPU
		{86C89654-F924-49F9-8A6C-9E580F786B56}.Debug|x64.ActiveCfg = Debug|Any CPU
		{86C89654-F924-49F9-8A6C-9E580F786B56}.Debug|x64.Build.0 = Debug|Any CPU
		{86C89654-F924-49F9-8A6C-9E580F786B56}.Debug|x86.ActiveCfg = Debug|Any CPU
		{86C89654-F924-49F9-8A6C-9E580F786B56}.Debug|x86.Build.0 = Debug|Any CPU
		{86C89654-F924-49F9-8A6C-9E580F786B56}.Release|Any CPU.ActiveCfg = Release|Any CPU
		{86C89654-F924-49F9-8A6C-9E580F786B56}.Release|Any CPU.Build.0 = Release|Any CPU
		{86C89654-F924-49F9-8A6C-9E580F786B56}.Release|ARM.ActiveCfg = Release|Any CPU
		{86C89654-F924-49F9-8A6C-9E580F786B56}.Release|ARM.Build.0 = Release|Any CPU
		{86C89654-F924-49F9-8A6C-9E580F786B56}.Release|ARM64.ActiveCfg = Release|Any CPU
		{86C89654-F924-49F9-8A6C-9E580F786B56}.Release|ARM64.Build.0 = Release|Any CPU
		{86C89654-F924-49F9-8A6C-9E580F786B56}.Release|x64.ActiveCfg = Release|Any CPU
		{86C89654-F924-49F9-8A6C-9E580F786B56}.Release|x64.Build.0 = Release|Any CPU
		{86C89654-F924-49F9-8A6C-9E580F786B56}.Release|x86.ActiveCfg = Release|Any CPU
		{86C89654-F924-49F9-8A6C-9E580F786B56}.Release|x86.Build.0 = Release|Any CPU
		{EE348DA8-0E7F-4D2F-802B-66B1171B7E05}.Debug|Any CPU.ActiveCfg = Debug|x64
		{EE348DA8-0E7F-4D2F-802B-66B1171B7E05}.Debug|Any CPU.Build.0 = Debug|x64
		{EE348DA8-0E7F-4D2F-802B-66B1171B7E05}.Debug|Any CPU.Deploy.0 = Debug|x64
		{EE348DA8-0E7F-4D2F-802B-66B1171B7E05}.Debug|ARM.ActiveCfg = Debug|ARM
		{EE348DA8-0E7F-4D2F-802B-66B1171B7E05}.Debug|ARM.Build.0 = Debug|ARM
		{EE348DA8-0E7F-4D2F-802B-66B1171B7E05}.Debug|ARM.Deploy.0 = Debug|ARM
		{EE348DA8-0E7F-4D2F-802B-66B1171B7E05}.Debug|ARM64.ActiveCfg = Debug|ARM64
		{EE348DA8-0E7F-4D2F-802B-66B1171B7E05}.Debug|ARM64.Build.0 = Debug|ARM64
		{EE348DA8-0E7F-4D2F-802B-66B1171B7E05}.Debug|ARM64.Deploy.0 = Debug|ARM64
		{EE348DA8-0E7F-4D2F-802B-66B1171B7E05}.Debug|x64.ActiveCfg = Debug|x64
		{EE348DA8-0E7F-4D2F-802B-66B1171B7E05}.Debug|x64.Build.0 = Debug|x64
		{EE348DA8-0E7F-4D2F-802B-66B1171B7E05}.Debug|x64.Deploy.0 = Debug|x64
		{EE348DA8-0E7F-4D2F-802B-66B1171B7E05}.Debug|x86.ActiveCfg = Debug|x86
		{EE348DA8-0E7F-4D2F-802B-66B1171B7E05}.Debug|x86.Build.0 = Debug|x86
		{EE348DA8-0E7F-4D2F-802B-66B1171B7E05}.Debug|x86.Deploy.0 = Debug|x86
		{EE348DA8-0E7F-4D2F-802B-66B1171B7E05}.Release|Any CPU.ActiveCfg = Release|x86
		{EE348DA8-0E7F-4D2F-802B-66B1171B7E05}.Release|ARM.ActiveCfg = Release|ARM
		{EE348DA8-0E7F-4D2F-802B-66B1171B7E05}.Release|ARM.Build.0 = Release|ARM
		{EE348DA8-0E7F-4D2F-802B-66B1171B7E05}.Release|ARM.Deploy.0 = Release|ARM
		{EE348DA8-0E7F-4D2F-802B-66B1171B7E05}.Release|ARM64.ActiveCfg = Release|ARM64
		{EE348DA8-0E7F-4D2F-802B-66B1171B7E05}.Release|ARM64.Build.0 = Release|ARM64
		{EE348DA8-0E7F-4D2F-802B-66B1171B7E05}.Release|ARM64.Deploy.0 = Release|ARM64
		{EE348DA8-0E7F-4D2F-802B-66B1171B7E05}.Release|x64.ActiveCfg = Release|x64
		{EE348DA8-0E7F-4D2F-802B-66B1171B7E05}.Release|x64.Build.0 = Release|x64
		{EE348DA8-0E7F-4D2F-802B-66B1171B7E05}.Release|x64.Deploy.0 = Release|x64
		{EE348DA8-0E7F-4D2F-802B-66B1171B7E05}.Release|x86.ActiveCfg = Release|x86
		{EE348DA8-0E7F-4D2F-802B-66B1171B7E05}.Release|x86.Build.0 = Release|x86
		{EE348DA8-0E7F-4D2F-802B-66B1171B7E05}.Release|x86.Deploy.0 = Release|x86
		{E7A48C1E-4FF2-428B-BC4E-844D5D68F81F}.Debug|Any CPU.ActiveCfg = Debug|Any CPU
		{E7A48C1E-4FF2-428B-BC4E-844D5D68F81F}.Debug|Any CPU.Build.0 = Debug|Any CPU
		{E7A48C1E-4FF2-428B-BC4E-844D5D68F81F}.Debug|ARM.ActiveCfg = Debug|Any CPU
		{E7A48C1E-4FF2-428B-BC4E-844D5D68F81F}.Debug|ARM.Build.0 = Debug|Any CPU
		{E7A48C1E-4FF2-428B-BC4E-844D5D68F81F}.Debug|ARM64.ActiveCfg = Debug|Any CPU
		{E7A48C1E-4FF2-428B-BC4E-844D5D68F81F}.Debug|ARM64.Build.0 = Debug|Any CPU
		{E7A48C1E-4FF2-428B-BC4E-844D5D68F81F}.Debug|x64.ActiveCfg = Debug|Any CPU
		{E7A48C1E-4FF2-428B-BC4E-844D5D68F81F}.Debug|x64.Build.0 = Debug|Any CPU
		{E7A48C1E-4FF2-428B-BC4E-844D5D68F81F}.Debug|x86.ActiveCfg = Debug|Any CPU
		{E7A48C1E-4FF2-428B-BC4E-844D5D68F81F}.Debug|x86.Build.0 = Debug|Any CPU
		{E7A48C1E-4FF2-428B-BC4E-844D5D68F81F}.Release|Any CPU.ActiveCfg = Release|Any CPU
		{E7A48C1E-4FF2-428B-BC4E-844D5D68F81F}.Release|Any CPU.Build.0 = Release|Any CPU
		{E7A48C1E-4FF2-428B-BC4E-844D5D68F81F}.Release|ARM.ActiveCfg = Release|Any CPU
		{E7A48C1E-4FF2-428B-BC4E-844D5D68F81F}.Release|ARM.Build.0 = Release|Any CPU
		{E7A48C1E-4FF2-428B-BC4E-844D5D68F81F}.Release|ARM64.ActiveCfg = Release|Any CPU
		{E7A48C1E-4FF2-428B-BC4E-844D5D68F81F}.Release|ARM64.Build.0 = Release|Any CPU
		{E7A48C1E-4FF2-428B-BC4E-844D5D68F81F}.Release|x64.ActiveCfg = Release|Any CPU
		{E7A48C1E-4FF2-428B-BC4E-844D5D68F81F}.Release|x64.Build.0 = Release|Any CPU
		{E7A48C1E-4FF2-428B-BC4E-844D5D68F81F}.Release|x86.ActiveCfg = Release|Any CPU
		{E7A48C1E-4FF2-428B-BC4E-844D5D68F81F}.Release|x86.Build.0 = Release|Any CPU
	EndGlobalSection
	GlobalSection(SolutionProperties) = preSolution
		HideSolutionNode = FALSE
	EndGlobalSection
	GlobalSection(ExtensibilityGlobals) = postSolution
		SolutionGuid = {7EB0CDB8-BB3E-4041-9AE6-86D8DD0F7E41}
	EndGlobalSection
EndGlobal
